
Microsoft Visual Studio Solution File, Format Version 12.00
# Visual Studio Version 16
VisualStudioVersion = 16.0.31702.278
MinimumVisualStudioVersion = 10.0.40219.1
Project("{9A19103F-16F7-4668-BE54-9A1E7A4F7556}") = "ConsoleApp1", "ConsoleApp1\ConsoleApp1.csproj", "{4F066DF5-3FCC-41BE-912B-96A41A222EF0}"
EndProject
Project("{9A19103F-16F7-4668-BE54-9A1E7A4F7556}") = "Donguler", "Donguler\Donguler.csproj", "{33D80FA7-D4E4-482A-993F-213BAB040546}"
EndProject
Project("{9A19103F-16F7-4668-BE54-9A1E7A4F7556}") = "classintro", "classintro\classintro.csproj", "{AD1130A8-07E3-45BA-97E1-C444082484CB}"
EndProject
Project("{9A19103F-16F7-4668-BE54-9A1E7A4F7556}") = "Metotlar", "Metotlar\Metotlar.csproj", "{B597CA78-34C8-47BD-B2B0-31F68CD705D3}"
EndProject
Project("{9A19103F-16F7-4668-BE54-9A1E7A4F7556}") = "Matematik", "Matematik\Matematik.csproj", "{14203AFD-A743-4BDF-86AF-A360396A1D1A}"
EndProject
Project("{9A19103F-16F7-4668-BE54-9A1E7A4F7556}") = "DegerVeReferansTipler", "DegerVeReferansTipler\DegerVeReferansTipler.csproj", "{9D410837-BF9A-4DE5-A33E-F69BE0745A86}"
EndProject
Project("{9A19103F-16F7-4668-BE54-9A1E7A4F7556}") = "ClassMetotDemo", "ClassMetotDemo\ClassMetotDemo.csproj", "{DE3F0C10-1C08-44A7-BBCD-0603A0FADC4F}"
EndProject
Project("{9A19103F-16F7-4668-BE54-9A1E7A4F7556}") = "OOP1", "OOP1\OOP1.csproj", "{C263A608-BD0E-411F-AF49-87BAC1194684}"
EndProject
Project("{9A19103F-16F7-4668-BE54-9A1E7A4F7556}") = "Koleksiyonlar", "Koleksiyonlar\Koleksiyonlar.csproj", "{993CD76F-3AF9-4979-9B81-A004A5C9B146}"
EndProject
Project("{9A19103F-16F7-4668-BE54-9A1E7A4F7556}") = "GenericsIntro", "GenericsIntro\GenericsIntro.csproj", "{C7432B23-9661-4BD3-8354-C0683F856841}"
EndProject
Project("{9A19103F-16F7-4668-BE54-9A1E7A4F7556}") = "ReferenceTypes", "ReferenceTypes\ReferenceTypes.csproj", "{EA48646A-1333-40A1-B3CC-55F2070DE3BB}"
EndProject
Project("{9A19103F-16F7-4668-BE54-9A1E7A4F7556}") = "Constructors", "Constructors\Constructors.csproj", "{D8B5A206-B97D-4A4D-8FD9-4035213473B5}"
EndProject
Project("{9A19103F-16F7-4668-BE54-9A1E7A4F7556}") = "Generics", "Generics\Generics.csproj", "{F69ED315-116A-45E7-B141-355C992503D4}"
EndProject
Project("{FAE04EC0-301F-11D3-BF4B-00C04F79EFBC}") = "MyDictionary", "MyDictionary\MyDictionary.csproj", "{E078FF6F-E313-433B-83F1-0A52B2D0C41E}"
EndProject
Project("{FAE04EC0-301F-11D3-BF4B-00C04F79EFBC}") = "OOP2", "OOP2\OOP2.csproj", "{A7A6825D-1979-4B76-BC7A-FF65D58A196F}"
EndProject
Project("{FAE04EC0-301F-11D3-BF4B-00C04F79EFBC}") = "OOP3", "OOP3\OOP3.csproj", "{007F81F6-EB6A-4B53-A242-E7133D70CF7E}"
EndProject
Global
	GlobalSection(SolutionConfigurationPlatforms) = preSolution
		Debug|Any CPU = Debug|Any CPU
		Release|Any CPU = Release|Any CPU
	EndGlobalSection
	GlobalSection(ProjectConfigurationPlatforms) = postSolution
		{4F066DF5-3FCC-41BE-912B-96A41A222EF0}.Debug|Any CPU.ActiveCfg = Debug|Any CPU
		{4F066DF5-3FCC-41BE-912B-96A41A222EF0}.Debug|Any CPU.Build.0 = Debug|Any CPU
		{4F066DF5-3FCC-41BE-912B-96A41A222EF0}.Release|Any CPU.ActiveCfg = Release|Any CPU
		{4F066DF5-3FCC-41BE-912B-96A41A222EF0}.Release|Any CPU.Build.0 = Release|Any CPU
		{33D80FA7-D4E4-482A-993F-213BAB040546}.Debug|Any CPU.ActiveCfg = Debug|Any CPU
		{33D80FA7-D4E4-482A-993F-213BAB040546}.Debug|Any CPU.Build.0 = Debug|Any CPU
		{33D80FA7-D4E4-482A-993F-213BAB040546}.Release|Any CPU.ActiveCfg = Release|Any CPU
		{33D80FA7-D4E4-482A-993F-213BAB040546}.Release|Any CPU.Build.0 = Release|Any CPU
		{AD1130A8-07E3-45BA-97E1-C444082484CB}.Debug|Any CPU.ActiveCfg = Debug|Any CPU
		{AD1130A8-07E3-45BA-97E1-C444082484CB}.Debug|Any CPU.Build.0 = Debug|Any CPU
		{AD1130A8-07E3-45BA-97E1-C444082484CB}.Release|Any CPU.ActiveCfg = Release|Any CPU
		{AD1130A8-07E3-45BA-97E1-C444082484CB}.Release|Any CPU.Build.0 = Release|Any CPU
		{B597CA78-34C8-47BD-B2B0-31F68CD705D3}.Debug|Any CPU.ActiveCfg = Debug|Any CPU
		{B597CA78-34C8-47BD-B2B0-31F68CD705D3}.Debug|Any CPU.Build.0 = Debug|Any CPU
		{B597CA78-34C8-47BD-B2B0-31F68CD705D3}.Release|Any CPU.ActiveCfg = Release|Any CPU
		{B597CA78-34C8-47BD-B2B0-31F68CD705D3}.Release|Any CPU.Build.0 = Release|Any CPU
		{14203AFD-A743-4BDF-86AF-A360396A1D1A}.Debug|Any CPU.ActiveCfg = Debug|Any CPU
		{14203AFD-A743-4BDF-86AF-A360396A1D1A}.Debug|Any CPU.Build.0 = Debug|Any CPU
		{14203AFD-A743-4BDF-86AF-A360396A1D1A}.Release|Any CPU.ActiveCfg = Release|Any CPU
		{14203AFD-A743-4BDF-86AF-A360396A1D1A}.Release|Any CPU.Build.0 = Release|Any CPU
		{9D410837-BF9A-4DE5-A33E-F69BE0745A86}.Debug|Any CPU.ActiveCfg = Debug|Any CPU
		{9D410837-BF9A-4DE5-A33E-F69BE0745A86}.Debug|Any CPU.Build.0 = Debug|Any CPU
		{9D410837-BF9A-4DE5-A33E-F69BE0745A86}.Release|Any CPU.ActiveCfg = Release|Any CPU
		{9D410837-BF9A-4DE5-A33E-F69BE0745A86}.Release|Any CPU.Build.0 = Release|Any CPU
		{DE3F0C10-1C08-44A7-BBCD-0603A0FADC4F}.Debug|Any CPU.ActiveCfg = Debug|Any CPU
		{DE3F0C10-1C08-44A7-BBCD-0603A0FADC4F}.Debug|Any CPU.Build.0 = Debug|Any CPU
		{DE3F0C10-1C08-44A7-BBCD-0603A0FADC4F}.Release|Any CPU.ActiveCfg = Release|Any CPU
		{DE3F0C10-1C08-44A7-BBCD-0603A0FADC4F}.Release|Any CPU.Build.0 = Release|Any CPU
		{C263A608-BD0E-411F-AF49-87BAC1194684}.Debug|Any CPU.ActiveCfg = Debug|Any CPU
		{C263A608-BD0E-411F-AF49-87BAC1194684}.Debug|Any CPU.Build.0 = Debug|Any CPU
		{C263A608-BD0E-411F-AF49-87BAC1194684}.Release|Any CPU.ActiveCfg = Release|Any CPU
		{C263A608-BD0E-411F-AF49-87BAC1194684}.Release|Any CPU.Build.0 = Release|Any CPU
		{993CD76F-3AF9-4979-9B81-A004A5C9B146}.Debug|Any CPU.ActiveCfg = Debug|Any CPU
		{993CD76F-3AF9-4979-9B81-A004A5C9B146}.Debug|Any CPU.Build.0 = Debug|Any CPU
		{993CD76F-3AF9-4979-9B81-A004A5C9B146}.Release|Any CPU.ActiveCfg = Release|Any CPU
		{993CD76F-3AF9-4979-9B81-A004A5C9B146}.Release|Any CPU.Build.0 = Release|Any CPU
		{C7432B23-9661-4BD3-8354-C0683F856841}.Debug|Any CPU.ActiveCfg = Debug|Any CPU
		{C7432B23-9661-4BD3-8354-C0683F856841}.Debug|Any CPU.Build.0 = Debug|Any CPU
		{C7432B23-9661-4BD3-8354-C0683F856841}.Release|Any CPU.ActiveCfg = Release|Any CPU
		{C7432B23-9661-4BD3-8354-C0683F856841}.Release|Any CPU.Build.0 = Release|Any CPU
		{EA48646A-1333-40A1-B3CC-55F2070DE3BB}.Debug|Any CPU.ActiveCfg = Debug|Any CPU
		{EA48646A-1333-40A1-B3CC-55F2070DE3BB}.Debug|Any CPU.Build.0 = Debug|Any CPU
		{EA48646A-1333-40A1-B3CC-55F2070DE3BB}.Release|Any CPU.ActiveCfg = Release|Any CPU
		{EA48646A-1333-40A1-B3CC-55F2070DE3BB}.Release|Any CPU.Build.0 = Release|Any CPU
		{D8B5A206-B97D-4A4D-8FD9-4035213473B5}.Debug|Any CPU.ActiveCfg = Debug|Any CPU
		{D8B5A206-B97D-4A4D-8FD9-4035213473B5}.Debug|Any CPU.Build.0 = Debug|Any CPU
		{D8B5A206-B97D-4A4D-8FD9-4035213473B5}.Release|Any CPU.ActiveCfg = Release|Any CPU
		{D8B5A206-B97D-4A4D-8FD9-4035213473B5}.Release|Any CPU.Build.0 = Release|Any CPU
		{F69ED315-116A-45E7-B141-355C992503D4}.Debug|Any CPU.ActiveCfg = Debug|Any CPU
		{F69ED315-116A-45E7-B141-355C992503D4}.Debug|Any CPU.Build.0 = Debug|Any CPU
		{F69ED315-116A-45E7-B141-355C992503D4}.Release|Any CPU.ActiveCfg = Release|Any CPU
		{F69ED315-116A-45E7-B141-355C992503D4}.Release|Any CPU.Build.0 = Release|Any CPU
		{E078FF6F-E313-433B-83F1-0A52B2D0C41E}.Debug|Any CPU.ActiveCfg = Debug|Any CPU
		{E078FF6F-E313-433B-83F1-0A52B2D0C41E}.Debug|Any CPU.Build.0 = Debug|Any CPU
		{E078FF6F-E313-433B-83F1-0A52B2D0C41E}.Release|Any CPU.ActiveCfg = Release|Any CPU
		{E078FF6F-E313-433B-83F1-0A52B2D0C41E}.Release|Any CPU.Build.0 = Release|Any CPU
		{A7A6825D-1979-4B76-BC7A-FF65D58A196F}.Debug|Any CPU.ActiveCfg = Debug|Any CPU
		{A7A6825D-1979-4B76-BC7A-FF65D58A196F}.Debug|Any CPU.Build.0 = Debug|Any CPU
		{A7A6825D-1979-4B76-BC7A-FF65D58A196F}.Release|Any CPU.ActiveCfg = Release|Any CPU
		{A7A6825D-1979-4B76-BC7A-FF65D58A196F}.Release|Any CPU.Build.0 = Release|Any CPU
		{007F81F6-EB6A-4B53-A242-E7133D70CF7E}.Debug|Any CPU.ActiveCfg = Debug|Any CPU
		{007F81F6-EB6A-4B53-A242-E7133D70CF7E}.Debug|Any CPU.Build.0 = Debug|Any CPU
		{007F81F6-EB6A-4B53-A242-E7133D70CF7E}.Release|Any CPU.ActiveCfg = Release|Any CPU
		{007F81F6-EB6A-4B53-A242-E7133D70CF7E}.Release|Any CPU.Build.0 = Release|Any CPU
	EndGlobalSection
	GlobalSection(SolutionProperties) = preSolution
		HideSolutionNode = FALSE
	EndGlobalSection
	GlobalSection(ExtensibilityGlobals) = postSolution
		SolutionGuid = {289A984D-AB22-40A6-965C-F5171429D9D0}
	EndGlobalSection
EndGlobal
